
Microsoft Visual Studio Solution File, Format Version 12.00
# Visual Studio 2013
VisualStudioVersion = 12.0.21005.1
MinimumVisualStudioVersion = 10.0.40219.1
Project("{8BC9CEB8-8B4A-11D0-8D11-00A0C91BC942}") = "RBTree", "RBTree\RBTree.vcxproj", "{B621D2D1-9AE5-4DA5-A8ED-505B55D4166E}"
EndProject
Global
	GlobalSection(SolutionConfigurationPlatforms) = preSolution
		Debug|Win32 = Debug|Win32
		Release|Win32 = Release|Win32
	EndGlobalSection
	GlobalSection(ProjectConfigurationPlatforms) = postSolution
		{B621D2D1-9AE5-4DA5-A8ED-505B55D4166E}.Debug|Win32.ActiveCfg = Debug|Win32
		{B621D2D1-9AE5-4DA5-A8ED-505B55D4166E}.Debug|Win32.Build.0 = Debug|Win32
		{B621D2D1-9AE5-4DA5-A8ED-505B55D4166E}.Release|Win32.ActiveCfg = Release|Win32
		{B621D2D1-9AE5-4DA5-A8ED-505B55D4166E}.Release|Win32.Build.0 = Release|Win32
	EndGlobalSection
	GlobalSection(SolutionProperties) = preSolution
		HideSolutionNode = FALSE
	EndGlobalSection
EndGlobal
